
Microsoft Visual Studio Solution File, Format Version 12.00
# Visual Studio Version 17
VisualStudioVersion = 17.6.33712.159
MinimumVisualStudioVersion = 10.0.40219.1
Project("{9A19103F-16F7-4668-BE54-9A1E7A4F7556}") = "Master", "Master\Master.csproj", "{E942274A-545D-413D-8E33-CAFDCDF6F562}"
EndProject
Project("{9A19103F-16F7-4668-BE54-9A1E7A4F7556}") = "Common", "Common\Common.csproj", "{3FFED033-2A00-4E0E-B523-4DEE41DB5BFD}"
EndProject
Project("{9A19103F-16F7-4668-BE54-9A1E7A4F7556}") = "PrintSoftWeb", "ConsumeWebApp\PrintSoftWeb.csproj", "{23E57C4E-A36F-4D44-9C59-89D19473DA39}"
EndProject
Global
	GlobalSection(SolutionConfigurationPlatforms) = preSolution
		Debug|Any CPU = Debug|Any CPU
		Release|Any CPU = Release|Any CPU
	EndGlobalSection
	GlobalSection(ProjectConfigurationPlatforms) = postSolution
		{E942274A-545D-413D-8E33-CAFDCDF6F562}.Debug|Any CPU.ActiveCfg = Debug|Any CPU
		{E942274A-545D-413D-8E33-CAFDCDF6F562}.Debug|Any CPU.Build.0 = Debug|Any CPU
		{E942274A-545D-413D-8E33-CAFDCDF6F562}.Release|Any CPU.ActiveCfg = Release|Any CPU
		{E942274A-545D-413D-8E33-CAFDCDF6F562}.Release|Any CPU.Build.0 = Release|Any CPU
		{3FFED033-2A00-4E0E-B523-4DEE41DB5BFD}.Debug|Any CPU.ActiveCfg = Debug|Any CPU
		{3FFED033-2A00-4E0E-B523-4DEE41DB5BFD}.Debug|Any CPU.Build.0 = Debug|Any CPU
		{3FFED033-2A00-4E0E-B523-4DEE41DB5BFD}.Release|Any CPU.ActiveCfg = Release|Any CPU
		{3FFED033-2A00-4E0E-B523-4DEE41DB5BFD}.Release|Any CPU.Build.0 = Release|Any CPU
		{23E57C4E-A36F-4D44-9C59-89D19473DA39}.Debug|Any CPU.ActiveCfg = Debug|Any CPU
		{23E57C4E-A36F-4D44-9C59-89D19473DA39}.Debug|Any CPU.Build.0 = Debug|Any CPU
		{23E57C4E-A36F-4D44-9C59-89D19473DA39}.Release|Any CPU.ActiveCfg = Release|Any CPU
		{23E57C4E-A36F-4D44-9C59-89D19473DA39}.Release|Any CPU.Build.0 = Release|Any CPU
	EndGlobalSection
	GlobalSection(SolutionProperties) = preSolution
		HideSolutionNode = FALSE
	EndGlobalSection
	GlobalSection(ExtensibilityGlobals) = postSolution
		SolutionGuid = {F47C6C00-48BC-4108-90A1-CD90A2B4750C}
	EndGlobalSection
EndGlobal
